{
  "name": "analyze",
  "version": "1.0.0",
  "lockfileVersion": 2,
  "requires": true,
  "packages": {
    "": {
      "name": "analyze",
      "version": "1.0.0",
      "license": "ISC",
      "dependencies": {
        "filesaver": "^0.0.13",
        "xmldom": "^0.6.0",
        "xpath": "^0.0.32"
      },
      "devDependencies": {
        "blob": "^0.1.0",
        "file-saver": "^2.0.5"
      }
    },
    "node_modules/blob": {
      "version": "0.1.0",
      "resolved": "https://registry.npmjs.org/blob/-/blob-0.1.0.tgz",
      "integrity": "sha512-k+GwK+4Rj+MPNT4qu+y6+kHp+mPmmNd+28zdrIo69QM9UvypK5Vhcw7jnRiY4KaOMAiOdn0NtPQGTb+Ox1Dtng==",
      "dev": true,
      "dependencies": {
        "esm": "^3.2.25"
      }
    },
    "node_modules/esm": {
      "version": "3.2.25",
      "resolved": "https://registry.npmjs.org/esm/-/esm-3.2.25.tgz",
      "integrity": "sha512-U1suiZ2oDVWv4zPO56S0NcR5QriEahGtdN2OR6FiOG4WJvcjBVFB0qI4+eKoWFH483PKGuLuu6V8Z4T5g63UVA==",
      "dev": true,
      "engines": {
        "node": ">=6"
      }
    },
    "node_modules/file-saver": {
      "version": "2.0.5",
      "resolved": "https://registry.npmjs.org/file-saver/-/file-saver-2.0.5.tgz",
      "integrity": "sha512-P9bmyZ3h/PRG+Nzga+rbdI4OEpNDzAVyy74uVO9ATgzLK6VtAsYybF/+TOCvrc0MO793d6+42lLyZTw7/ArVzA==",
      "dev": true
    },
    "node_modules/filesaver": {
      "version": "0.0.13",
      "resolved": "https://registry.npmjs.org/filesaver/-/filesaver-0.0.13.tgz",
      "integrity": "sha512-ay2iShYJKmzKRPk89cgb14foqtCXcJIe5i+qdlSPAouKfBv7F2VZ0lxk9GjpcODe9p2YrXfi3Q+4CRn7ZDmleQ==",
      "dependencies": {
        "mkdirp": "^0.5.0",
        "safename": "0.0.4"
      }
    },
    "node_modules/minimist": {
      "version": "1.2.7",
      "resolved": "https://registry.npmjs.org/minimist/-/minimist-1.2.7.tgz",
      "integrity": "sha512-bzfL1YUZsP41gmu/qjrEk0Q6i2ix/cVeAhbCbqH9u3zYutS1cLg00qhrD0M2MVdCcx4Sc0UpP2eBWo9rotpq6g==",
      "funding": {
        "url": "https://github.com/sponsors/ljharb"
      }
    },
    "node_modules/mkdirp": {
      "version": "0.5.6",
      "resolved": "https://registry.npmjs.org/mkdirp/-/mkdirp-0.5.6.tgz",
      "integrity": "sha512-FP+p8RB8OWpF3YZBCrP5gtADmtXApB5AMLn+vdyA+PyxCjrCs00mjyUozssO33cwDeT3wNGdLxJ5M//YqtHAJw==",
      "dependencies": {
        "minimist": "^1.2.6"
      },
      "bin": {
        "mkdirp": "bin/cmd.js"
      }
    },
    "node_modules/safename": {
      "version": "0.0.4",
      "resolved": "https://registry.npmjs.org/safename/-/safename-0.0.4.tgz",
      "integrity": "sha512-+n4TsvESZKTXbHxOTSyQ0Q1JCXRb6MohgrqC2fbdALzTNQP/IhPOnCNRA4JPtagQq+6DD5ZsQ3lKMy57BYvwJA=="
    },
    "node_modules/xmldom": {
      "version": "0.6.0",
      "resolved": "https://registry.npmjs.org/xmldom/-/xmldom-0.6.0.tgz",
      "integrity": "sha512-iAcin401y58LckRZ0TkI4k0VSM1Qg0KGSc3i8rU+xrxe19A/BN1zHyVSJY7uoutVlaTSzYyk/v5AmkewAP7jtg==",
      "engines": {
        "node": ">=10.0.0"
      }
    },
    "node_modules/xpath": {
      "version": "0.0.32",
      "resolved": "https://registry.npmjs.org/xpath/-/xpath-0.0.32.tgz",
      "integrity": "sha512-rxMJhSIoiO8vXcWvSifKqhvV96GjiD5wYb8/QHdoRyQvraTpp4IEv944nhGausZZ3u7dhQXteZuZbaqfpB7uYw==",
      "engines": {
        "node": ">=0.6.0"
      }
    }
  },
  "dependencies": {
    "blob": {
      "version": "0.1.0",
      "resolved": "https://registry.npmjs.org/blob/-/blob-0.1.0.tgz",
      "integrity": "sha512-k+GwK+4Rj+MPNT4qu+y6+kHp+mPmmNd+28zdrIo69QM9UvypK5Vhcw7jnRiY4KaOMAiOdn0NtPQGTb+Ox1Dtng==",
      "dev": true,
      "requires": {
        "esm": "^3.2.25"
      }
    },
    "esm": {
      "version": "3.2.25",
      "resolved": "https://registry.npmjs.org/esm/-/esm-3.2.25.tgz",
      "integrity": "sha512-U1suiZ2oDVWv4zPO56S0NcR5QriEahGtdN2OR6FiOG4WJvcjBVFB0qI4+eKoWFH483PKGuLuu6V8Z4T5g63UVA==",
      "dev": true
    },
    "file-saver": {
      "version": "2.0.5",
      "resolved": "https://registry.npmjs.org/file-saver/-/file-saver-2.0.5.tgz",
      "integrity": "sha512-P9bmyZ3h/PRG+Nzga+rbdI4OEpNDzAVyy74uVO9ATgzLK6VtAsYybF/+TOCvrc0MO793d6+42lLyZTw7/ArVzA==",
      "dev": true
    },
    "filesaver": {
      "version": "0.0.13",
      "resolved": "https://registry.npmjs.org/filesaver/-/filesaver-0.0.13.tgz",
      "integrity": "sha512-ay2iShYJKmzKRPk89cgb14foqtCXcJIe5i+qdlSPAouKfBv7F2VZ0lxk9GjpcODe9p2YrXfi3Q+4CRn7ZDmleQ==",
      "requires": {
        "mkdirp": "^0.5.0",
        "safename": "0.0.4"
      }
    },
    "minimist": {
      "version": "1.2.7",
      "resolved": "https://registry.npmjs.org/minimist/-/minimist-1.2.7.tgz",
      "integrity": "sha512-bzfL1YUZsP41gmu/qjrEk0Q6i2ix/cVeAhbCbqH9u3zYutS1cLg00qhrD0M2MVdCcx4Sc0UpP2eBWo9rotpq6g=="
    },
    "mkdirp": {
      "version": "0.5.6",
      "resolved": "https://registry.npmjs.org/mkdirp/-/mkdirp-0.5.6.tgz",
      "integrity": "sha512-FP+p8RB8OWpF3YZBCrP5gtADmtXApB5AMLn+vdyA+PyxCjrCs00mjyUozssO33cwDeT3wNGdLxJ5M//YqtHAJw==",
      "requires": {
        "minimist": "^1.2.6"
      }
    },
    "safename": {
      "version": "0.0.4",
      "resolved": "https://registry.npmjs.org/safename/-/safename-0.0.4.tgz",
      "integrity": "sha512-+n4TsvESZKTXbHxOTSyQ0Q1JCXRb6MohgrqC2fbdALzTNQP/IhPOnCNRA4JPtagQq+6DD5ZsQ3lKMy57BYvwJA=="
    },
    "xmldom": {
      "version": "0.6.0",
      "resolved": "https://registry.npmjs.org/xmldom/-/xmldom-0.6.0.tgz",
      "integrity": "sha512-iAcin401y58LckRZ0TkI4k0VSM1Qg0KGSc3i8rU+xrxe19A/BN1zHyVSJY7uoutVlaTSzYyk/v5AmkewAP7jtg=="
    },
    "xpath": {
      "version": "0.0.32",
      "resolved": "https://registry.npmjs.org/xpath/-/xpath-0.0.32.tgz",
      "integrity": "sha512-rxMJhSIoiO8vXcWvSifKqhvV96GjiD5wYb8/QHdoRyQvraTpp4IEv944nhGausZZ3u7dhQXteZuZbaqfpB7uYw=="
    }
  }
}
